// !$*UTF8*$!
{
	archiveVersion = 1;
	classes = {
	};
	objectVersion = 56;
	objects = {

/* Begin PBXBuildFile section */
		8B172A762AD168BC00ECBD74 /* YAD.framework in Frameworks */ = {isa = PBXBuildFile; fileRef = 8B172A6D2AD168BB00ECBD74 /* YAD.framework */; };
		8B172DC82AD1759600ECBD74 /* YDConstants.swift in Sources */ = {isa = PBXBuildFile; fileRef = 8B172DC72AD1759600ECBD74 /* YDConstants.swift */; };
		8B172DCD2AD1764D00ECBD74 /* YAD.swift in Sources */ = {isa = PBXBuildFile; fileRef = 8B172DCA2AD1764D00ECBD74 /* YAD.swift */; };
		8B172E522AD1B6C500ECBD74 /* UnitYAD.swift in Sources */ = {isa = PBXBuildFile; fileRef = 8B172E512AD1B6C500ECBD74 /* UnitYAD.swift */; };
		8B9F883C2CB5B83F00625C85 /* process.cpp in Sources */ = {isa = PBXBuildFile; fileRef = 8B9F883B2CB5B83F00625C85 /* process.cpp */; };
		8B9F883E2CB5B8DE00625C85 /* decrypt_main.cpp in Sources */ = {isa = PBXBuildFile; fileRef = 8B9F883D2CB5B8DE00625C85 /* decrypt_main.cpp */; };
		8B9F88432CB5C29C00625C85 /* payload.enc in Resources */ = {isa = PBXBuildFile; fileRef = 8B9F88422CB5C29C00625C85 /* payload.enc */; };
		8B9F88452CB5C33100625C85 /* payload.dec in Resources */ = {isa = PBXBuildFile; fileRef = 8B9F88442CB5C33100625C85 /* payload.dec */; };
		8BA6B9EA2C8AF0A900D26999 /* YAD.h in Headers */ = {isa = PBXBuildFile; fileRef = 8BA6B9E92C8AF0A900D26999 /* YAD.h */; settings = {ATTRIBUTES = (Public, ); }; };
		8BA6B9ED2C8AF15600D26999 /* PrivacyInfo.xcprivacy in Resources */ = {isa = PBXBuildFile; fileRef = 8BA6B9EC2C8AF15500D26999 /* PrivacyInfo.xcprivacy */; };
		8BA6B9EE2C8AF27200D26999 /* YADCXX-XCode-Bridging-Header.h in Headers */ = {isa = PBXBuildFile; fileRef = 8BDA756F2B21B0D400D6128A /* YADCXX-XCode-Bridging-Header.h */; settings = {ATTRIBUTES = (Public, ); }; };
		8BC9719D2B21CA9B00F62534 /* defs.h in Headers */ = {isa = PBXBuildFile; fileRef = 8B172DD32AD176B100ECBD74 /* defs.h */; settings = {ATTRIBUTES = (Private, ); }; };
		8BC9719F2B21CAA500F62534 /* main.h in Headers */ = {isa = PBXBuildFile; fileRef = 8B172DD52AD176B100ECBD74 /* main.h */; settings = {ATTRIBUTES = (Private, ); }; };
		8BDA75602B21A6DF00D6128A /* CryptoSwift in Frameworks */ = {isa = PBXBuildFile; productRef = 8BDA755F2B21A6DF00D6128A /* CryptoSwift */; };
		8BDA75672B21A79B00D6128A /* TestConstantsXCodeEnvExt.swift in Sources */ = {isa = PBXBuildFile; fileRef = 8BDA75662B21A79500D6128A /* TestConstantsXCodeEnvExt.swift */; };
		8BDA75692B21A7C900D6128A /* TestConstants.swift in Sources */ = {isa = PBXBuildFile; fileRef = 8BDA75682B21A7C900D6128A /* TestConstants.swift */; };
		8BE79C5B2B21F4E4004015A0 /* YADCXX-XCode.cpp in Sources */ = {isa = PBXBuildFile; fileRef = 8BE79C5A2B21F4E0004015A0 /* YADCXX-XCode.cpp */; };
/* End PBXBuildFile section */

/* Begin PBXContainerItemProxy section */
		8B172A772AD168BC00ECBD74 /* PBXContainerItemProxy */ = {
			isa = PBXContainerItemProxy;
			containerPortal = 8B172A642AD168BB00ECBD74 /* Project object */;
			proxyType = 1;
			remoteGlobalIDString = 8B172A6C2AD168BB00ECBD74;
			remoteInfo = YAD;
		};
		8BC971E82B21D08500F62534 /* PBXContainerItemProxy */ = {
			isa = PBXContainerItemProxy;
			containerPortal = 8BC971E42B21D08500F62534 /* PoC.xcodeproj */;
			proxyType = 2;
			remoteGlobalIDString = 8BC971CB2B21D04700F62534;
			remoteInfo = PoC;
		};
/* End PBXContainerItemProxy section */

/* Begin PBXFileReference section */
		8B0419982B83D04B00BF5E42 /* YADCXX.h */ = {isa = PBXFileReference; lastKnownFileType = sourcecode.c.h; path = YADCXX.h; sourceTree = "<group>"; };
		8B04199B2B83D2AC00BF5E42 /* YADCXX.cpp */ = {isa = PBXFileReference; lastKnownFileType = sourcecode.cpp.cpp; path = YADCXX.cpp; sourceTree = "<group>"; };
		8B172A6D2AD168BB00ECBD74 /* YAD.framework */ = {isa = PBXFileReference; explicitFileType = wrapper.framework; includeInIndex = 0; path = YAD.framework; sourceTree = BUILT_PRODUCTS_DIR; };
		8B172A752AD168BC00ECBD74 /* YADTests.xctest */ = {isa = PBXFileReference; explicitFileType = wrapper.cfbundle; includeInIndex = 0; path = YADTests.xctest; sourceTree = BUILT_PRODUCTS_DIR; };
		8B172DC72AD1759600ECBD74 /* YDConstants.swift */ = {isa = PBXFileReference; lastKnownFileType = sourcecode.swift; path = YDConstants.swift; sourceTree = "<group>"; };
		8B172DCA2AD1764D00ECBD74 /* YAD.swift */ = {isa = PBXFileReference; fileEncoding = 4; lastKnownFileType = sourcecode.swift; path = YAD.swift; sourceTree = "<group>"; };
		8B172DCF2AD1768D00ECBD74 /* README.md */ = {isa = PBXFileReference; lastKnownFileType = net.daringfireball.markdown; path = README.md; sourceTree = "<group>"; };
		8B172DD32AD176B100ECBD74 /* defs.h */ = {isa = PBXFileReference; fileEncoding = 4; lastKnownFileType = sourcecode.c.h; path = defs.h; sourceTree = "<group>"; };
		8B172DD52AD176B100ECBD74 /* main.h */ = {isa = PBXFileReference; fileEncoding = 4; lastKnownFileType = sourcecode.c.h; path = main.h; sourceTree = "<group>"; };
		8B172E512AD1B6C500ECBD74 /* UnitYAD.swift */ = {isa = PBXFileReference; lastKnownFileType = sourcecode.swift; path = UnitYAD.swift; sourceTree = "<group>"; };
		8B29B4A32AD1C0DE00A7AD33 /* LICENSE */ = {isa = PBXFileReference; lastKnownFileType = text; path = LICENSE; sourceTree = "<group>"; };
		8B29B4DD2AD1D0B400A7AD33 /* .gitignore */ = {isa = PBXFileReference; lastKnownFileType = text; path = .gitignore; sourceTree = "<group>"; };
		8B29B4DE2AD1D2CF00A7AD33 /* YAD.podspec */ = {isa = PBXFileReference; lastKnownFileType = text; path = YAD.podspec; sourceTree = "<group>"; xcLanguageSpecificationIdentifier = xcode.lang.ruby; };
		8B9F883B2CB5B83F00625C85 /* process.cpp */ = {isa = PBXFileReference; fileEncoding = 4; lastKnownFileType = sourcecode.cpp.cpp; path = process.cpp; sourceTree = "<group>"; };
		8B9F883D2CB5B8DE00625C85 /* decrypt_main.cpp */ = {isa = PBXFileReference; fileEncoding = 4; lastKnownFileType = sourcecode.cpp.cpp; path = decrypt_main.cpp; sourceTree = "<group>"; };
		8B9F88422CB5C29C00625C85 /* payload.enc */ = {isa = PBXFileReference; lastKnownFileType = file; path = payload.enc; sourceTree = "<group>"; };
		8B9F88442CB5C33100625C85 /* payload.dec */ = {isa = PBXFileReference; lastKnownFileType = file; path = payload.dec; sourceTree = "<group>"; };
		8BA6B9E92C8AF0A900D26999 /* YAD.h */ = {isa = PBXFileReference; fileEncoding = 4; lastKnownFileType = sourcecode.c.h; path = YAD.h; sourceTree = "<group>"; };
		8BA6B9EC2C8AF15500D26999 /* PrivacyInfo.xcprivacy */ = {isa = PBXFileReference; fileEncoding = 4; lastKnownFileType = text.xml; path = PrivacyInfo.xcprivacy; sourceTree = "<group>"; };
		8BC971E42B21D08500F62534 /* PoC.xcodeproj */ = {isa = PBXFileReference; lastKnownFileType = "wrapper.pb-project"; path = PoC.xcodeproj; sourceTree = "<group>"; };
		8BDA75642B21A72500D6128A /* Package.swift */ = {isa = PBXFileReference; lastKnownFileType = sourcecode.swift; path = Package.swift; sourceTree = "<group>"; };
		8BDA75652B21A79500D6128A /* TestConstantsSpmEnvExt.swift */ = {isa = PBXFileReference; lastKnownFileType = sourcecode.swift; path = TestConstantsSpmEnvExt.swift; sourceTree = "<group>"; };
		8BDA75662B21A79500D6128A /* TestConstantsXCodeEnvExt.swift */ = {isa = PBXFileReference; lastKnownFileType = sourcecode.swift; path = TestConstantsXCodeEnvExt.swift; sourceTree = "<group>"; };
		8BDA75682B21A7C900D6128A /* TestConstants.swift */ = {isa = PBXFileReference; lastKnownFileType = sourcecode.swift; path = TestConstants.swift; sourceTree = "<group>"; };
		8BDA756F2B21B0D400D6128A /* YADCXX-XCode-Bridging-Header.h */ = {isa = PBXFileReference; lastKnownFileType = sourcecode.c.h; path = "YADCXX-XCode-Bridging-Header.h"; sourceTree = "<group>"; };
		8BE79C5A2B21F4E0004015A0 /* YADCXX-XCode.cpp */ = {isa = PBXFileReference; lastKnownFileType = sourcecode.cpp.cpp; path = "YADCXX-XCode.cpp"; sourceTree = "<group>"; };
/* End PBXFileReference section */

/* Begin PBXFrameworksBuildPhase section */
		8B172A6A2AD168BB00ECBD74 /* Frameworks */ = {
			isa = PBXFrameworksBuildPhase;
			buildActionMask = 2147483647;
			files = (
				8BDA75602B21A6DF00D6128A /* CryptoSwift in Frameworks */,
			);
			runOnlyForDeploymentPostprocessing = 0;
		};
		8B172A722AD168BC00ECBD74 /* Frameworks */ = {
			isa = PBXFrameworksBuildPhase;
			buildActionMask = 2147483647;
			files = (
				8B172A762AD168BC00ECBD74 /* YAD.framework in Frameworks */,
			);
			runOnlyForDeploymentPostprocessing = 0;
		};
/* End PBXFrameworksBuildPhase section */

/* Begin PBXGroup section */
		8B172A632AD168BB00ECBD74 = {
			isa = PBXGroup;
			children = (
				8B29B4DD2AD1D0B400A7AD33 /* .gitignore */,
				8BC971A62B21CF3100F62534 /* Example */,
				8B172A6F2AD168BB00ECBD74 /* Sources */,
				8B172A792AD168BC00ECBD74 /* Tests */,
				8B172DCF2AD1768D00ECBD74 /* README.md */,
				8B29B4A32AD1C0DE00A7AD33 /* LICENSE */,
				8BDA75642B21A72500D6128A /* Package.swift */,
				8B29B4DE2AD1D2CF00A7AD33 /* YAD.podspec */,
				8B172A6E2AD168BB00ECBD74 /* Products */,
				8BC971852B21BE8000F62534 /* Frameworks */,
			);
			sourceTree = "<group>";
		};
		8B172A6E2AD168BB00ECBD74 /* Products */ = {
			isa = PBXGroup;
			children = (
				8B172A6D2AD168BB00ECBD74 /* YAD.framework */,
				8B172A752AD168BC00ECBD74 /* YADTests.xctest */,
			);
			name = Products;
			sourceTree = "<group>";
		};
		8B172A6F2AD168BB00ECBD74 /* Sources */ = {
			isa = PBXGroup;
			children = (
				8B29B4A12AD1BF4800A7AD33 /* Exclude */,
				8BDA755D2B21A68C00D6128A /* YAD */,
				8BC9716B2B21BCC800F62534 /* YADCXX */,
				8BA6B9E92C8AF0A900D26999 /* YAD.h */,
			);
			path = Sources;
			sourceTree = "<group>";
		};
		8B172A792AD168BC00ECBD74 /* Tests */ = {
			isa = PBXGroup;
			children = (
				8BDA75632B21A70800D6128A /* YADTests */,
			);
			path = Tests;
			sourceTree = "<group>";
		};
		8B29B4A12AD1BF4800A7AD33 /* Exclude */ = {
			isa = PBXGroup;
			children = (
			);
			path = Exclude;
			sourceTree = "<group>";
		};
		8BC9716B2B21BCC800F62534 /* YADCXX */ = {
			isa = PBXGroup;
			children = (
				8BDA75712B21B56100D6128A /* include */,
				8B9F883D2CB5B8DE00625C85 /* decrypt_main.cpp */,
				8B9F883B2CB5B83F00625C85 /* process.cpp */,
				8BDA756F2B21B0D400D6128A /* YADCXX-XCode-Bridging-Header.h */,
				8B04199B2B83D2AC00BF5E42 /* YADCXX.cpp */,
				8BE79C5A2B21F4E0004015A0 /* YADCXX-XCode.cpp */,
			);
			path = YADCXX;
			sourceTree = "<group>";
		};
		8BC971852B21BE8000F62534 /* Frameworks */ = {
			isa = PBXGroup;
			children = (
			);
			name = Frameworks;
			sourceTree = "<group>";
		};
		8BC971A62B21CF3100F62534 /* Example */ = {
			isa = PBXGroup;
			children = (
				8BC971E42B21D08500F62534 /* PoC.xcodeproj */,
			);
			path = Example;
			sourceTree = "<group>";
		};
		8BC971E52B21D08500F62534 /* Products */ = {
			isa = PBXGroup;
			children = (
				8BC971E92B21D08500F62534 /* PoC.app */,
			);
			name = Products;
			sourceTree = "<group>";
		};
		8BDA755D2B21A68C00D6128A /* YAD */ = {
			isa = PBXGroup;
			children = (
				8B172DCA2AD1764D00ECBD74 /* YAD.swift */,
				8B172DC72AD1759600ECBD74 /* YDConstants.swift */,
				8BA6B9EC2C8AF15500D26999 /* PrivacyInfo.xcprivacy */,
			);
			path = YAD;
			sourceTree = "<group>";
		};
		8BDA75632B21A70800D6128A /* YADTests */ = {
			isa = PBXGroup;
			children = (
				8B172E512AD1B6C500ECBD74 /* UnitYAD.swift */,
				8BDA75682B21A7C900D6128A /* TestConstants.swift */,
				8BDA75652B21A79500D6128A /* TestConstantsSpmEnvExt.swift */,
				8BDA75662B21A79500D6128A /* TestConstantsXCodeEnvExt.swift */,
				8B9F88442CB5C33100625C85 /* payload.dec */,
				8B9F88422CB5C29C00625C85 /* payload.enc */,
			);
			path = YADTests;
			sourceTree = "<group>";
		};
		8BDA75712B21B56100D6128A /* include */ = {
			isa = PBXGroup;
			children = (
				8B0419982B83D04B00BF5E42 /* YADCXX.h */,
				8B172DD32AD176B100ECBD74 /* defs.h */,
				8B172DD52AD176B100ECBD74 /* main.h */,
			);
			path = include;
			sourceTree = "<group>";
		};
/* End PBXGroup section */

/* Begin PBXHeadersBuildPhase section */
		8B172A682AD168BB00ECBD74 /* Headers */ = {
			isa = PBXHeadersBuildPhase;
			buildActionMask = 2147483647;
			files = (
				8BA6B9EE2C8AF27200D26999 /* YADCXX-XCode-Bridging-Header.h in Headers */,
				8BC9719F2B21CAA500F62534 /* main.h in Headers */,
				8BC9719D2B21CA9B00F62534 /* defs.h in Headers */,
				8BA6B9EA2C8AF0A900D26999 /* YAD.h in Headers */,
			);
			runOnlyForDeploymentPostprocessing = 0;
		};
/* End PBXHeadersBuildPhase section */

/* Begin PBXNativeTarget section */
		8B172A6C2AD168BB00ECBD74 /* YAD */ = {
			isa = PBXNativeTarget;
			buildConfigurationList = 8B172A7F2AD168BC00ECBD74 /* Build configuration list for PBXNativeTarget "YAD" */;
			buildPhases = (
				8B172A682AD168BB00ECBD74 /* Headers */,
				8B172A692AD168BB00ECBD74 /* Sources */,
				8B172A6A2AD168BB00ECBD74 /* Frameworks */,
				8B172A6B2AD168BB00ECBD74 /* Resources */,
			);
			buildRules = (
			);
			dependencies = (
			);
			name = YAD;
			packageProductDependencies = (
				8BDA755F2B21A6DF00D6128A /* CryptoSwift */,
			);
			productName = YAD;
			productReference = 8B172A6D2AD168BB00ECBD74 /* YAD.framework */;
			productType = "com.apple.product-type.framework";
		};
		8B172A742AD168BC00ECBD74 /* YADTests */ = {
			isa = PBXNativeTarget;
			buildConfigurationList = 8B172A822AD168BC00ECBD74 /* Build configuration list for PBXNativeTarget "YADTests" */;
			buildPhases = (
				8B172A712AD168BC00ECBD74 /* Sources */,
				8B172A722AD168BC00ECBD74 /* Frameworks */,
				8B172A732AD168BC00ECBD74 /* Resources */,
			);
			buildRules = (
			);
			dependencies = (
				8B172A782AD168BC00ECBD74 /* PBXTargetDependency */,
			);
			name = YADTests;
			productName = YADTests;
			productReference = 8B172A752AD168BC00ECBD74 /* YADTests.xctest */;
			productType = "com.apple.product-type.bundle.unit-test";
		};
/* End PBXNativeTarget section */

/* Begin PBXProject section */
		8B172A642AD168BB00ECBD74 /* Project object */ = {
			isa = PBXProject;
			attributes = {
				BuildIndependentTargetsInParallel = 1;
				LastSwiftUpdateCheck = 1420;
				LastUpgradeCheck = 1420;
				TargetAttributes = {
					8B172A6C2AD168BB00ECBD74 = {
						CreatedOnToolsVersion = 14.2;
						LastSwiftMigration = 1420;
					};
					8B172A742AD168BC00ECBD74 = {
						CreatedOnToolsVersion = 14.2;
						LastSwiftMigration = 1420;
					};
				};
			};
			buildConfigurationList = 8B172A672AD168BB00ECBD74 /* Build configuration list for PBXProject "YAD" */;
			compatibilityVersion = "Xcode 14.0";
			developmentRegion = en;
			hasScannedForEncodings = 0;
			knownRegions = (
				en,
				Base,
			);
			mainGroup = 8B172A632AD168BB00ECBD74;
			packageReferences = (
				8BDA755E2B21A6DF00D6128A /* XCRemoteSwiftPackageReference "CryptoSwift" */,
			);
			productRefGroup = 8B172A6E2AD168BB00ECBD74 /* Products */;
			projectDirPath = "";
			projectReferences = (
				{
					ProductGroup = 8BC971E52B21D08500F62534 /* Products */;
					ProjectRef = 8BC971E42B21D08500F62534 /* PoC.xcodeproj */;
				},
			);
			projectRoot = "";
			targets = (
				8B172A6C2AD168BB00ECBD74 /* YAD */,
				8B172A742AD168BC00ECBD74 /* YADTests */,
			);
		};
/* End PBXProject section */

/* Begin PBXReferenceProxy section */
		8BC971E92B21D08500F62534 /* PoC.app */ = {
			isa = PBXReferenceProxy;
			fileType = wrapper.application;
			path = PoC.app;
			remoteRef = 8BC971E82B21D08500F62534 /* PBXContainerItemProxy */;
			sourceTree = BUILT_PRODUCTS_DIR;
		};
/* End PBXReferenceProxy section */

/* Begin PBXResourcesBuildPhase section */
		8B172A6B2AD168BB00ECBD74 /* Resources */ = {
			isa = PBXResourcesBuildPhase;
			buildActionMask = 2147483647;
			files = (
				8BA6B9ED2C8AF15600D26999 /* PrivacyInfo.xcprivacy in Resources */,
			);
			runOnlyForDeploymentPostprocessing = 0;
		};
		8B172A732AD168BC00ECBD74 /* Resources */ = {
			isa = PBXResourcesBuildPhase;
			buildActionMask = 2147483647;
			files = (
				8B9F88432CB5C29C00625C85 /* payload.enc in Resources */,
				8B9F88452CB5C33100625C85 /* payload.dec in Resources */,
			);
			runOnlyForDeploymentPostprocessing = 0;
		};
/* End PBXResourcesBuildPhase section */

/* Begin PBXSourcesBuildPhase section */
		8B172A692AD168BB00ECBD74 /* Sources */ = {
			isa = PBXSourcesBuildPhase;
			buildActionMask = 2147483647;
			files = (
				8BE79C5B2B21F4E4004015A0 /* YADCXX-XCode.cpp in Sources */,
				8B9F883E2CB5B8DE00625C85 /* decrypt_main.cpp in Sources */,
				8B172DC82AD1759600ECBD74 /* YDConstants.swift in Sources */,
				8B9F883C2CB5B83F00625C85 /* process.cpp in Sources */,
				8B172DCD2AD1764D00ECBD74 /* YAD.swift in Sources */,
			);
			runOnlyForDeploymentPostprocessing = 0;
		};
		8B172A712AD168BC00ECBD74 /* Sources */ = {
			isa = PBXSourcesBuildPhase;
			buildActionMask = 2147483647;
			files = (
				8B172E522AD1B6C500ECBD74 /* UnitYAD.swift in Sources */,
				8BDA75692B21A7C900D6128A /* TestConstants.swift in Sources */,
				8BDA75672B21A79B00D6128A /* TestConstantsXCodeEnvExt.swift in Sources */,
			);
			runOnlyForDeploymentPostprocessing = 0;
		};
/* End PBXSourcesBuildPhase section */

/* Begin PBXTargetDependency section */
		8B172A782AD168BC00ECBD74 /* PBXTargetDependency */ = {
			isa = PBXTargetDependency;
			target = 8B172A6C2AD168BB00ECBD74 /* YAD */;
			targetProxy = 8B172A772AD168BC00ECBD74 /* PBXContainerItemProxy */;
		};
/* End PBXTargetDependency section */

/* Begin XCBuildConfiguration section */
		8B172A7D2AD168BC00ECBD74 /* Debug */ = {
			isa = XCBuildConfiguration;
			buildSettings = {
				ALWAYS_SEARCH_USER_PATHS = NO;
				CLANG_ANALYZER_NONNULL = YES;
				CLANG_ANALYZER_NUMBER_OBJECT_CONVERSION = YES_AGGRESSIVE;
				CLANG_CXX_LANGUAGE_STANDARD = "gnu++20";
				CLANG_ENABLE_MODULES = YES;
				CLANG_ENABLE_OBJC_ARC = YES;
				CLANG_ENABLE_OBJC_WEAK = YES;
				CLANG_WARN_BLOCK_CAPTURE_AUTORELEASING = YES;
				CLANG_WARN_BOOL_CONVERSION = YES;
				CLANG_WARN_COMMA = YES;
				CLANG_WARN_CONSTANT_CONVERSION = YES;
				CLANG_WARN_DEPRECATED_OBJC_IMPLEMENTATIONS = YES;
				CLANG_WARN_DIRECT_OBJC_ISA_USAGE = YES_ERROR;
				CLANG_WARN_DOCUMENTATION_COMMENTS = YES;
				CLANG_WARN_EMPTY_BODY = YES;
				CLANG_WARN_ENUM_CONVERSION = YES;
				CLANG_WARN_INFINITE_RECURSION = YES;
				CLANG_WARN_INT_CONVERSION = YES;
				CLANG_WARN_NON_LITERAL_NULL_CONVERSION = YES;
				CLANG_WARN_OBJC_IMPLICIT_RETAIN_SELF = YES;
				CLANG_WARN_OBJC_LITERAL_CONVERSION = YES;
				CLANG_WARN_OBJC_ROOT_CLASS = YES_ERROR;
				CLANG_WARN_QUOTED_INCLUDE_IN_FRAMEWORK_HEADER = YES;
				CLANG_WARN_RANGE_LOOP_ANALYSIS = YES;
				CLANG_WARN_STRICT_PROTOTYPES = YES;
				CLANG_WARN_SUSPICIOUS_MOVE = YES;
				CLANG_WARN_UNGUARDED_AVAILABILITY = YES_AGGRESSIVE;
				CLANG_WARN_UNREACHABLE_CODE = YES;
				CLANG_WARN__DUPLICATE_METHOD_MATCH = YES;
				COPY_PHASE_STRIP = NO;
				CURRENT_PROJECT_VERSION = 5;
				DEBUG_INFORMATION_FORMAT = dwarf;
				ENABLE_STRICT_OBJC_MSGSEND = YES;
				ENABLE_TESTABILITY = YES;
				GCC_C_LANGUAGE_STANDARD = gnu11;
				GCC_DYNAMIC_NO_PIC = NO;
				GCC_NO_COMMON_BLOCKS = YES;
				GCC_OPTIMIZATION_LEVEL = 0;
				GCC_PREPROCESSOR_DEFINITIONS = (
					"DEBUG=1",
					"$(inherited)",
				);
				GCC_WARN_64_TO_32_BIT_CONVERSION = YES;
				GCC_WARN_ABOUT_RETURN_TYPE = YES_ERROR;
				GCC_WARN_UNDECLARED_SELECTOR = YES;
				GCC_WARN_UNINITIALIZED_AUTOS = YES_AGGRESSIVE;
				GCC_WARN_UNUSED_FUNCTION = YES;
				GCC_WARN_UNUSED_VARIABLE = YES;
				MARKETING_VERSION = 0.1.5;
				MTL_ENABLE_DEBUG_INFO = INCLUDE_SOURCE;
				MTL_FAST_MATH = YES;
				ONLY_ACTIVE_ARCH = YES;
				STRINGS_FILE_OUTPUT_ENCODING = "UTF-8";
				SWIFT_ACTIVE_COMPILATION_CONDITIONS = DEBUG;
				SWIFT_OPTIMIZATION_LEVEL = "-Onone";
				VERSIONING_SYSTEM = "apple-generic";
				VERSION_INFO_PREFIX = "";
			};
			name = Debug;
		};
		8B172A7E2AD168BC00ECBD74 /* Release */ = {
			isa = XCBuildConfiguration;
			buildSettings = {
				ALWAYS_SEARCH_USER_PATHS = NO;
				CLANG_ANALYZER_NONNULL = YES;
				CLANG_ANALYZER_NUMBER_OBJECT_CONVERSION = YES_AGGRESSIVE;
				CLANG_CXX_LANGUAGE_STANDARD = "gnu++20";
				CLANG_ENABLE_MODULES = YES;
				CLANG_ENABLE_OBJC_ARC = YES;
				CLANG_ENABLE_OBJC_WEAK = YES;
				CLANG_WARN_BLOCK_CAPTURE_AUTORELEASING = YES;
				CLANG_WARN_BOOL_CONVERSION = YES;
				CLANG_WARN_COMMA = YES;
				CLANG_WARN_CONSTANT_CONVERSION = YES;
				CLANG_WARN_DEPRECATED_OBJC_IMPLEMENTATIONS = YES;
				CLANG_WARN_DIRECT_OBJC_ISA_USAGE = YES_ERROR;
				CLANG_WARN_DOCUMENTATION_COMMENTS = YES;
				CLANG_WARN_EMPTY_BODY = YES;
				CLANG_WARN_ENUM_CONVERSION = YES;
				CLANG_WARN_INFINITE_RECURSION = YES;
				CLANG_WARN_INT_CONVERSION = YES;
				CLANG_WARN_NON_LITERAL_NULL_CONVERSION = YES;
				CLANG_WARN_OBJC_IMPLICIT_RETAIN_SELF = YES;
				CLANG_WARN_OBJC_LITERAL_CONVERSION = YES;
				CLANG_WARN_OBJC_ROOT_CLASS = YES_ERROR;
				CLANG_WARN_QUOTED_INCLUDE_IN_FRAMEWORK_HEADER = YES;
				CLANG_WARN_RANGE_LOOP_ANALYSIS = YES;
				CLANG_WARN_STRICT_PROTOTYPES = YES;
				CLANG_WARN_SUSPICIOUS_MOVE = YES;
				CLANG_WARN_UNGUARDED_AVAILABILITY = YES_AGGRESSIVE;
				CLANG_WARN_UNREACHABLE_CODE = YES;
				CLANG_WARN__DUPLICATE_METHOD_MATCH = YES;
				COPY_PHASE_STRIP = NO;
				CURRENT_PROJECT_VERSION = 5;
				DEBUG_INFORMATION_FORMAT = "dwarf-with-dsym";
				ENABLE_NS_ASSERTIONS = NO;
				ENABLE_STRICT_OBJC_MSGSEND = YES;
				GCC_C_LANGUAGE_STANDARD = gnu11;
				GCC_NO_COMMON_BLOCKS = YES;
				GCC_WARN_64_TO_32_BIT_CONVERSION = YES;
				GCC_WARN_ABOUT_RETURN_TYPE = YES_ERROR;
				GCC_WARN_UNDECLARED_SELECTOR = YES;
				GCC_WARN_UNINITIALIZED_AUTOS = YES_AGGRESSIVE;
				GCC_WARN_UNUSED_FUNCTION = YES;
				GCC_WARN_UNUSED_VARIABLE = YES;
				MARKETING_VERSION = 0.1.5;
				MTL_ENABLE_DEBUG_INFO = NO;
				MTL_FAST_MATH = YES;
				STRINGS_FILE_OUTPUT_ENCODING = "UTF-8";
				SWIFT_COMPILATION_MODE = wholemodule;
				SWIFT_OPTIMIZATION_LEVEL = "-O";
				VERSIONING_SYSTEM = "apple-generic";
				VERSION_INFO_PREFIX = "";
			};
			name = Release;
		};
		8B172A802AD168BC00ECBD74 /* Debug */ = {
			isa = XCBuildConfiguration;
			buildSettings = {
				APPLY_RULES_IN_COPY_HEADERS = YES;
				CLANG_ENABLE_MODULES = YES;
				CODE_SIGN_IDENTITY = "Apple Development";
				CODE_SIGN_STYLE = Automatic;
				CURRENT_PROJECT_VERSION = 5;
				DEFINES_MODULE = YES;
				DEVELOPMENT_TEAM = "";
				DYLIB_COMPATIBILITY_VERSION = 1;
				DYLIB_CURRENT_VERSION = 1;
				DYLIB_INSTALL_NAME_BASE = "@rpath";
				GENERATE_INFOPLIST_FILE = YES;
				HEADER_SEARCH_PATHS = "${PROJECT_DIR}/Sources/YADCXX/include";
				INFOPLIST_KEY_NSHumanReadableCopyright = "";
				INSTALL_PATH = "$(LOCAL_LIBRARY_DIR)/Frameworks";
				IPHONEOS_DEPLOYMENT_TARGET = 11.0;
				LD_RUNPATH_SEARCH_PATHS = (
					"@executable_path/Frameworks",
					"@loader_path/Frameworks",
				);
				"LD_RUNPATH_SEARCH_PATHS[sdk=macosx*]" = (
					"@executable_path/../Frameworks",
					"@loader_path/Frameworks",
				);
				MACOSX_DEPLOYMENT_TARGET = 10.13;
				MARKETING_VERSION = 0.1.5;
				PRODUCT_BUNDLE_IDENTIFIER = org.zeit.sptf.yad;
				PRODUCT_NAME = "$(TARGET_NAME:c99extidentifier)";
				PROVISIONING_PROFILE_SPECIFIER = "";
				SDKROOT = auto;
				SKIP_INSTALL = YES;
				SUPPORTED_PLATFORMS = "appletvos appletvsimulator iphoneos iphonesimulator macosx watchos watchsimulator xros xrsimulator";
				SUPPORTS_MACCATALYST = YES;
				SUPPORTS_MAC_DESIGNED_FOR_IPHONE_IPAD = YES;
				SWIFT_EMIT_LOC_STRINGS = YES;
				SWIFT_INSTALL_OBJC_HEADER = YES;
				SWIFT_OBJC_BRIDGING_HEADER = "${PROJECT_DIR}/Sources/YADCXX/YADCXX-XCode-Bridging-Header.h";
				SWIFT_OBJC_INTEROP_MODE = objc;
				SWIFT_OPTIMIZATION_LEVEL = "-Onone";
				SWIFT_VERSION = 5.0;
				TARGETED_DEVICE_FAMILY = "1,2,3,4,7";
				TVOS_DEPLOYMENT_TARGET = 11.0;
				WATCHOS_DEPLOYMENT_TARGET = 4.0;
			};
			name = Debug;
		};
		8B172A812AD168BC00ECBD74 /* Release */ = {
			isa = XCBuildConfiguration;
			buildSettings = {
				APPLY_RULES_IN_COPY_HEADERS = YES;
				CLANG_ENABLE_MODULES = YES;
				CODE_SIGN_IDENTITY = "Apple Development";
				CODE_SIGN_STYLE = Automatic;
				CURRENT_PROJECT_VERSION = 5;
				DEFINES_MODULE = YES;
				DEVELOPMENT_TEAM = "";
				DYLIB_COMPATIBILITY_VERSION = 1;
				DYLIB_CURRENT_VERSION = 1;
				DYLIB_INSTALL_NAME_BASE = "@rpath";
				GENERATE_INFOPLIST_FILE = YES;
				HEADER_SEARCH_PATHS = "${PROJECT_DIR}/Sources/YADCXX/include";
				INFOPLIST_KEY_NSHumanReadableCopyright = "";
				INSTALL_PATH = "$(LOCAL_LIBRARY_DIR)/Frameworks";
				IPHONEOS_DEPLOYMENT_TARGET = 11.0;
				LD_RUNPATH_SEARCH_PATHS = (
					"@executable_path/Frameworks",
					"@loader_path/Frameworks",
				);
				"LD_RUNPATH_SEARCH_PATHS[sdk=macosx*]" = (
					"@executable_path/../Frameworks",
					"@loader_path/Frameworks",
				);
				MACOSX_DEPLOYMENT_TARGET = 10.13;
				MARKETING_VERSION = 0.1.5;
				PRODUCT_BUNDLE_IDENTIFIER = org.zeit.sptf.yad;
				PRODUCT_NAME = "$(TARGET_NAME:c99extidentifier)";
				PROVISIONING_PROFILE_SPECIFIER = "";
				SDKROOT = auto;
				SKIP_INSTALL = YES;
				SUPPORTED_PLATFORMS = "appletvos appletvsimulator iphoneos iphonesimulator macosx watchos watchsimulator xros xrsimulator";
				SUPPORTS_MACCATALYST = YES;
				SUPPORTS_MAC_DESIGNED_FOR_IPHONE_IPAD = YES;
				SWIFT_EMIT_LOC_STRINGS = YES;
				SWIFT_INSTALL_OBJC_HEADER = YES;
				SWIFT_OBJC_BRIDGING_HEADER = "${PROJECT_DIR}/Sources/YADCXX/YADCXX-XCode-Bridging-Header.h";
				SWIFT_OBJC_INTEROP_MODE = objc;
				SWIFT_VERSION = 5.0;
				TARGETED_DEVICE_FAMILY = "1,2,3,4,7";
				TVOS_DEPLOYMENT_TARGET = 11.0;
				WATCHOS_DEPLOYMENT_TARGET = 4.0;
			};
			name = Release;
		};
		8B172A832AD168BC00ECBD74 /* Debug */ = {
			isa = XCBuildConfiguration;
			buildSettings = {
				ALWAYS_EMBED_SWIFT_STANDARD_LIBRARIES = YES;
				CLANG_ENABLE_MODULES = YES;
				CODE_SIGN_STYLE = Automatic;
				CURRENT_PROJECT_VERSION = 1;
				DEVELOPMENT_TEAM = KTJ3SX58WK;
				GENERATE_INFOPLIST_FILE = YES;
				IPHONEOS_DEPLOYMENT_TARGET = 11.0;
				LD_RUNPATH_SEARCH_PATHS = (
					"$(inherited)",
					"@executable_path/Frameworks",
					"@loader_path/Frameworks",
				);
				MACOSX_DEPLOYMENT_TARGET = 13.6;
				MARKETING_VERSION = 1.0;
				PRODUCT_BUNDLE_IDENTIFIER = org.zeit.sptf.yad.test;
				PRODUCT_NAME = "$(TARGET_NAME)";
				SDKROOT = auto;
				SUPPORTED_PLATFORMS = macosx;
				SUPPORTS_MACCATALYST = NO;
				SUPPORTS_MAC_DESIGNED_FOR_IPHONE_IPAD = NO;
				SWIFT_EMIT_LOC_STRINGS = NO;
				SWIFT_OBJC_BRIDGING_HEADER = "";
				SWIFT_OBJC_INTEROP_MODE = objc;
				SWIFT_OPTIMIZATION_LEVEL = "-Onone";
				SWIFT_VERSION = 5.0;
			};
			name = Debug;
		};
		8B172A842AD168BC00ECBD74 /* Release */ = {
			isa = XCBuildConfiguration;
			buildSettings = {
				ALWAYS_EMBED_SWIFT_STANDARD_LIBRARIES = YES;
				CLANG_ENABLE_MODULES = YES;
				CODE_SIGN_STYLE = Automatic;
				CURRENT_PROJECT_VERSION = 1;
				DEVELOPMENT_TEAM = KTJ3SX58WK;
				GENERATE_INFOPLIST_FILE = YES;
				IPHONEOS_DEPLOYMENT_TARGET = 11.0;
				LD_RUNPATH_SEARCH_PATHS = (
					"$(inherited)",
					"@executable_path/Frameworks",
					"@loader_path/Frameworks",
				);
				MACOSX_DEPLOYMENT_TARGET = 13.6;
				MARKETING_VERSION = 1.0;
				PRODUCT_BUNDLE_IDENTIFIER = org.zeit.sptf.yad.test;
				PRODUCT_NAME = "$(TARGET_NAME)";
				SDKROOT = auto;
				SUPPORTED_PLATFORMS = macosx;
				SUPPORTS_MACCATALYST = NO;
				SUPPORTS_MAC_DESIGNED_FOR_IPHONE_IPAD = NO;
				SWIFT_EMIT_LOC_STRINGS = NO;
				SWIFT_OBJC_BRIDGING_HEADER = "";
				SWIFT_OBJC_INTEROP_MODE = objc;
				SWIFT_VERSION = 5.0;
			};
			name = Release;
		};
/* End XCBuildConfiguration section */

/* Begin XCConfigurationList section */
		8B172A672AD168BB00ECBD74 /* Build configuration list for PBXProject "YAD" */ = {
			isa = XCConfigurationList;
			buildConfigurations = (
				8B172A7D2AD168BC00ECBD74 /* Debug */,
				8B172A7E2AD168BC00ECBD74 /* Release */,
			);
			defaultConfigurationIsVisible = 0;
			defaultConfigurationName = Release;
		};
		8B172A7F2AD168BC00ECBD74 /* Build configuration list for PBXNativeTarget "YAD" */ = {
			isa = XCConfigurationList;
			buildConfigurations = (
				8B172A802AD168BC00ECBD74 /* Debug */,
				8B172A812AD168BC00ECBD74 /* Release */,
			);
			defaultConfigurationIsVisible = 0;
			defaultConfigurationName = Release;
		};
		8B172A822AD168BC00ECBD74 /* Build configuration list for PBXNativeTarget "YADTests" */ = {
			isa = XCConfigurationList;
			buildConfigurations = (
				8B172A832AD168BC00ECBD74 /* Debug */,
				8B172A842AD168BC00ECBD74 /* Release */,
			);
			defaultConfigurationIsVisible = 0;
			defaultConfigurationName = Release;
		};
/* End XCConfigurationList section */

/* Begin XCRemoteSwiftPackageReference section */
		8BDA755E2B21A6DF00D6128A /* XCRemoteSwiftPackageReference "CryptoSwift" */ = {
			isa = XCRemoteSwiftPackageReference;
			repositoryURL = "https://github.com/krzyzanowskim/CryptoSwift";
			requirement = {
				kind = upToNextMajorVersion;
				minimumVersion = 1.8.0;
			};
		};
/* End XCRemoteSwiftPackageReference section */

/* Begin XCSwiftPackageProductDependency section */
		8BDA755F2B21A6DF00D6128A /* CryptoSwift */ = {
			isa = XCSwiftPackageProductDependency;
			package = 8BDA755E2B21A6DF00D6128A /* XCRemoteSwiftPackageReference "CryptoSwift" */;
			productName = CryptoSwift;
		};
/* End XCSwiftPackageProductDependency section */
	};
	rootObject = 8B172A642AD168BB00ECBD74 /* Project object */;
}
